
Microsoft Visual Studio Solution File, Format Version 12.00
# Visual Studio Version 17
VisualStudioVersion = 17.0.31903.59
MinimumVisualStudioVersion = 10.0.40219.1
Project("{FAE04EC0-301F-11D3-BF4B-00C04F79EFBC}") = "CustomerCommLib", "CustomerCommLib\CustomerCommLib.csproj", "{2FEE0482-A7B9-40EB-9767-D778F4FFA9CF}"
EndProject
Project("{FAE04EC0-301F-11D3-BF4B-00C04F79EFBC}") = "CustomerComm.Tests", "CustomerComm.Tests\CustomerComm.Tests.csproj", "{6FC3782C-25E6-4280-B9F9-305BA0C04F7A}"
EndProject
Global
	GlobalSection(SolutionConfigurationPlatforms) = preSolution
		Debug|Any CPU = Debug|Any CPU
		Debug|x64 = Debug|x64
		Debug|x86 = Debug|x86
		Release|Any CPU = Release|Any CPU
		Release|x64 = Release|x64
		Release|x86 = Release|x86
	EndGlobalSection
	GlobalSection(ProjectConfigurationPlatforms) = postSolution
		{2FEE0482-A7B9-40EB-9767-D778F4FFA9CF}.Debug|Any CPU.ActiveCfg = Debug|Any CPU
		{2FEE0482-A7B9-40EB-9767-D778F4FFA9CF}.Debug|Any CPU.Build.0 = Debug|Any CPU
		{2FEE0482-A7B9-40EB-9767-D778F4FFA9CF}.Debug|x64.ActiveCfg = Debug|Any CPU
		{2FEE0482-A7B9-40EB-9767-D778F4FFA9CF}.Debug|x64.Build.0 = Debug|Any CPU
		{2FEE0482-A7B9-40EB-9767-D778F4FFA9CF}.Debug|x86.ActiveCfg = Debug|Any CPU
		{2FEE0482-A7B9-40EB-9767-D778F4FFA9CF}.Debug|x86.Build.0 = Debug|Any CPU
		{2FEE0482-A7B9-40EB-9767-D778F4FFA9CF}.Release|Any CPU.ActiveCfg = Release|Any CPU
		{2FEE0482-A7B9-40EB-9767-D778F4FFA9CF}.Release|Any CPU.Build.0 = Release|Any CPU
		{2FEE0482-A7B9-40EB-9767-D778F4FFA9CF}.Release|x64.ActiveCfg = Release|Any CPU
		{2FEE0482-A7B9-40EB-9767-D778F4FFA9CF}.Release|x64.Build.0 = Release|Any CPU
		{2FEE0482-A7B9-40EB-9767-D778F4FFA9CF}.Release|x86.ActiveCfg = Release|Any CPU
		{2FEE0482-A7B9-40EB-9767-D778F4FFA9CF}.Release|x86.Build.0 = Release|Any CPU
		{6FC3782C-25E6-4280-B9F9-305BA0C04F7A}.Debug|Any CPU.ActiveCfg = Debug|Any CPU
		{6FC3782C-25E6-4280-B9F9-305BA0C04F7A}.Debug|Any CPU.Build.0 = Debug|Any CPU
		{6FC3782C-25E6-4280-B9F9-305BA0C04F7A}.Debug|x64.ActiveCfg = Debug|Any CPU
		{6FC3782C-25E6-4280-B9F9-305BA0C04F7A}.Debug|x64.Build.0 = Debug|Any CPU
		{6FC3782C-25E6-4280-B9F9-305BA0C04F7A}.Debug|x86.ActiveCfg = Debug|Any CPU
		{6FC3782C-25E6-4280-B9F9-305BA0C04F7A}.Debug|x86.Build.0 = Debug|Any CPU
		{6FC3782C-25E6-4280-B9F9-305BA0C04F7A}.Release|Any CPU.ActiveCfg = Release|Any CPU
		{6FC3782C-25E6-4280-B9F9-305BA0C04F7A}.Release|Any CPU.Build.0 = Release|Any CPU
		{6FC3782C-25E6-4280-B9F9-305BA0C04F7A}.Release|x64.ActiveCfg = Release|Any CPU
		{6FC3782C-25E6-4280-B9F9-305BA0C04F7A}.Release|x64.Build.0 = Release|Any CPU
		{6FC3782C-25E6-4280-B9F9-305BA0C04F7A}.Release|x86.ActiveCfg = Release|Any CPU
		{6FC3782C-25E6-4280-B9F9-305BA0C04F7A}.Release|x86.Build.0 = Release|Any CPU
	EndGlobalSection
	GlobalSection(SolutionProperties) = preSolution
		HideSolutionNode = FALSE
	EndGlobalSection
EndGlobal
